// !$*UTF8*$!
{
	archiveVersion = 1;
	classes = {
	};
	objectVersion = 46;
	objects = {

/* Begin PBXBuildFile section */
		7F2DEC5D0C1E78CF10044D6F /* libPods-swift-serial.a in Frameworks */ = {isa = PBXBuildFile; fileRef = 512C3AA49D4C44B3C7B8A1FC /* libPods-swift-serial.a */; };
		FE135F731EB60C31006A9B12 /* serial-detector.swift in Sources */ = {isa = PBXBuildFile; fileRef = FE135F721EB60C31006A9B12 /* serial-detector.swift */; };
		FE135F751EB60C9F006A9B12 /* serial-handler.swift in Sources */ = {isa = PBXBuildFile; fileRef = FE135F741EB60C9F006A9B12 /* serial-handler.swift */; };
		FE135F791EB6FD2E006A9B12 /* sound-recorder.swift in Sources */ = {isa = PBXBuildFile; fileRef = FE135F781EB6FD2E006A9B12 /* sound-recorder.swift */; };
		FEED83BD1EB4F57B00B10E6A /* main.swift in Sources */ = {isa = PBXBuildFile; fileRef = FEED83BC1EB4F57B00B10E6A /* main.swift */; };
/* End PBXBuildFile section */

/* Begin PBXCopyFilesBuildPhase section */
		FEED83B71EB4F57B00B10E6A /* CopyFiles */ = {
			isa = PBXCopyFilesBuildPhase;
			buildActionMask = 2147483647;
			dstPath = /usr/share/man/man1/;
			dstSubfolderSpec = 0;
			files = (
			);
			runOnlyForDeploymentPostprocessing = 1;
		};
/* End PBXCopyFilesBuildPhase section */

/* Begin PBXFileReference section */
		088492364896CD5AF1FC605C /* Pods-swift-serial.release.xcconfig */ = {isa = PBXFileReference; includeInIndex = 1; lastKnownFileType = text.xcconfig; name = "Pods-swift-serial.release.xcconfig"; path = "Pods/Target Support Files/Pods-swift-serial/Pods-swift-serial.release.xcconfig"; sourceTree = "<group>"; };
		512C3AA49D4C44B3C7B8A1FC /* libPods-swift-serial.a */ = {isa = PBXFileReference; explicitFileType = archive.ar; includeInIndex = 0; path = "libPods-swift-serial.a"; sourceTree = BUILT_PRODUCTS_DIR; };
		EA11862E9401E060D855B570 /* Pods-swift-serial.debug.xcconfig */ = {isa = PBXFileReference; includeInIndex = 1; lastKnownFileType = text.xcconfig; name = "Pods-swift-serial.debug.xcconfig"; path = "Pods/Target Support Files/Pods-swift-serial/Pods-swift-serial.debug.xcconfig"; sourceTree = "<group>"; };
		FE135F721EB60C31006A9B12 /* serial-detector.swift */ = {isa = PBXFileReference; fileEncoding = 4; lastKnownFileType = sourcecode.swift; path = "serial-detector.swift"; sourceTree = "<group>"; };
		FE135F741EB60C9F006A9B12 /* serial-handler.swift */ = {isa = PBXFileReference; fileEncoding = 4; lastKnownFileType = sourcecode.swift; path = "serial-handler.swift"; sourceTree = "<group>"; };
		FE135F781EB6FD2E006A9B12 /* sound-recorder.swift */ = {isa = PBXFileReference; fileEncoding = 4; lastKnownFileType = sourcecode.swift; path = "sound-recorder.swift"; sourceTree = "<group>"; };
		FE1FAB261EB5EB1300EE62DF /* SwiftSerial-Bridging-Header.h */ = {isa = PBXFileReference; fileEncoding = 4; lastKnownFileType = sourcecode.c.h; path = "SwiftSerial-Bridging-Header.h"; sourceTree = "<group>"; };
		FEED83B91EB4F57B00B10E6A /* swift-serial */ = {isa = PBXFileReference; explicitFileType = "compiled.mach-o.executable"; includeInIndex = 0; path = "swift-serial"; sourceTree = BUILT_PRODUCTS_DIR; };
		FEED83BC1EB4F57B00B10E6A /* main.swift */ = {isa = PBXFileReference; lastKnownFileType = sourcecode.swift; path = main.swift; sourceTree = "<group>"; };
/* End PBXFileReference section */

/* Begin PBXFrameworksBuildPhase section */
		FEED83B61EB4F57B00B10E6A /* Frameworks */ = {
			isa = PBXFrameworksBuildPhase;
			buildActionMask = 2147483647;
			files = (
				7F2DEC5D0C1E78CF10044D6F /* libPods-swift-serial.a in Frameworks */,
			);
			runOnlyForDeploymentPostprocessing = 0;
		};
/* End PBXFrameworksBuildPhase section */

/* Begin PBXGroup section */
		4A259962191060573F62A359 /* Frameworks */ = {
			isa = PBXGroup;
			children = (
				512C3AA49D4C44B3C7B8A1FC /* libPods-swift-serial.a */,
			);
			name = Frameworks;
			sourceTree = "<group>";
		};
		ECA79811630DD3B7118B3BFC /* Pods */ = {
			isa = PBXGroup;
			children = (
				EA11862E9401E060D855B570 /* Pods-swift-serial.debug.xcconfig */,
				088492364896CD5AF1FC605C /* Pods-swift-serial.release.xcconfig */,
			);
			name = Pods;
			sourceTree = "<group>";
		};
		FEED83B01EB4F57B00B10E6A = {
			isa = PBXGroup;
			children = (
				FEED83BB1EB4F57B00B10E6A /* swift-serial */,
				FEED83BA1EB4F57B00B10E6A /* Products */,
				ECA79811630DD3B7118B3BFC /* Pods */,
				4A259962191060573F62A359 /* Frameworks */,
			);
			sourceTree = "<group>";
		};
		FEED83BA1EB4F57B00B10E6A /* Products */ = {
			isa = PBXGroup;
			children = (
				FEED83B91EB4F57B00B10E6A /* swift-serial */,
			);
			name = Products;
			sourceTree = "<group>";
		};
		FEED83BB1EB4F57B00B10E6A /* swift-serial */ = {
			isa = PBXGroup;
			children = (
				FEED83BC1EB4F57B00B10E6A /* main.swift */,
				FE1FAB261EB5EB1300EE62DF /* SwiftSerial-Bridging-Header.h */,
				FE135F721EB60C31006A9B12 /* serial-detector.swift */,
				FE135F741EB60C9F006A9B12 /* serial-handler.swift */,
				FE135F781EB6FD2E006A9B12 /* sound-recorder.swift */,
			);
			path = "swift-serial";
			sourceTree = "<group>";
		};
/* End PBXGroup section */

/* Begin PBXNativeTarget section */
		FEED83B81EB4F57B00B10E6A /* swift-serial */ = {
			isa = PBXNativeTarget;
			buildConfigurationList = FEED83C01EB4F57B00B10E6A /* Build configuration list for PBXNativeTarget "swift-serial" */;
			buildPhases = (
				1A02165D51B34DE6460EC2E9 /* [CP] Check Pods Manifest.lock */,
				FEED83B51EB4F57B00B10E6A /* Sources */,
				FEED83B61EB4F57B00B10E6A /* Frameworks */,
				FEED83B71EB4F57B00B10E6A /* CopyFiles */,
				ED8F2DAEDBCB69EA560C6E59 /* [CP] Copy Pods Resources */,
			);
			buildRules = (
			);
			dependencies = (
			);
			name = "swift-serial";
			productName = "swift-serial";
			productReference = FEED83B91EB4F57B00B10E6A /* swift-serial */;
			productType = "com.apple.product-type.tool";
		};
/* End PBXNativeTarget section */

/* Begin PBXProject section */
		FEED83B11EB4F57B00B10E6A /* Project object */ = {
			isa = PBXProject;
			attributes = {
				LastSwiftUpdateCheck = 0730;
				LastUpgradeCheck = 0830;
				ORGANIZATIONNAME = "Stefanie Grewenig";
				TargetAttributes = {
					FEED83B81EB4F57B00B10E6A = {
						CreatedOnToolsVersion = 7.3.1;
						LastSwiftMigration = 0830;
					};
				};
			};
			buildConfigurationList = FEED83B41EB4F57B00B10E6A /* Build configuration list for PBXProject "swift-serial" */;
			compatibilityVersion = "Xcode 3.2";
			developmentRegion = English;
			hasScannedForEncodings = 0;
			knownRegions = (
				en,
			);
			mainGroup = FEED83B01EB4F57B00B10E6A;
			productRefGroup = FEED83BA1EB4F57B00B10E6A /* Products */;
			projectDirPath = "";
			projectRoot = "";
			targets = (
				FEED83B81EB4F57B00B10E6A /* swift-serial */,
			);
		};
/* End PBXProject section */

/* Begin PBXShellScriptBuildPhase section */
		1A02165D51B34DE6460EC2E9 /* [CP] Check Pods Manifest.lock */ = {
			isa = PBXShellScriptBuildPhase;
			buildActionMask = 2147483647;
			files = (
			);
			inputPaths = (
			);
			name = "[CP] Check Pods Manifest.lock";
			outputPaths = (
			);
			runOnlyForDeploymentPostprocessing = 0;
			shellPath = /bin/sh;
			shellScript = "diff \"${PODS_PODFILE_DIR_PATH}/Podfile.lock\" \"${PODS_ROOT}/Manifest.lock\" > /dev/null\nif [ $? != 0 ] ; then\n    # print error to STDERR\n    echo \"error: The sandbox is not in sync with the Podfile.lock. Run 'pod install' or update your CocoaPods installation.\" >&2\n    exit 1\nfi\n";
			showEnvVarsInLog = 0;
		};
		ED8F2DAEDBCB69EA560C6E59 /* [CP] Copy Pods Resources */ = {
			isa = PBXShellScriptBuildPhase;
			buildActionMask = 2147483647;
			files = (
			);
			inputPaths = (
			);
			name = "[CP] Copy Pods Resources";
			outputPaths = (
			);
			runOnlyForDeploymentPostprocessing = 0;
			shellPath = /bin/sh;
			shellScript = "\"${SRCROOT}/Pods/Target Support Files/Pods-swift-serial/Pods-swift-serial-resources.sh\"\n";
			showEnvVarsInLog = 0;
		};
/* End PBXShellScriptBuildPhase section */

/* Begin PBXSourcesBuildPhase section */
		FEED83B51EB4F57B00B10E6A /* Sources */ = {
			isa = PBXSourcesBuildPhase;
			buildActionMask = 2147483647;
			files = (
				FEED83BD1EB4F57B00B10E6A /* main.swift in Sources */,
				FE135F731EB60C31006A9B12 /* serial-detector.swift in Sources */,
				FE135F751EB60C9F006A9B12 /* serial-handler.swift in Sources */,
				FE135F791EB6FD2E006A9B12 /* sound-recorder.swift in Sources */,
			);
			runOnlyForDeploymentPostprocessing = 0;
		};
/* End PBXSourcesBuildPhase section */

/* Begin XCBuildConfiguration section */
		FEED83BE1EB4F57B00B10E6A /* Debug */ = {
			isa = XCBuildConfiguration;
			buildSettings = {
				ALWAYS_SEARCH_USER_PATHS = NO;
				CLANG_ANALYZER_NONNULL = YES;
				CLANG_CXX_LANGUAGE_STANDARD = "gnu++0x";
				CLANG_CXX_LIBRARY = "libc++";
				CLANG_ENABLE_MODULES = YES;
				CLANG_ENABLE_OBJC_ARC = YES;
				CLANG_WARN_BOOL_CONVERSION = YES;
				CLANG_WARN_CONSTANT_CONVERSION = YES;
				CLANG_WARN_DIRECT_OBJC_ISA_USAGE = YES_ERROR;
				CLANG_WARN_EMPTY_BODY = YES;
				CLANG_WARN_ENUM_CONVERSION = YES;
				CLANG_WARN_INFINITE_RECURSION = YES;
				CLANG_WARN_INT_CONVERSION = YES;
				CLANG_WARN_OBJC_ROOT_CLASS = YES_ERROR;
				CLANG_WARN_SUSPICIOUS_MOVE = YES;
				CLANG_WARN_UNREACHABLE_CODE = YES;
				CLANG_WARN__DUPLICATE_METHOD_MATCH = YES;
				CODE_SIGN_IDENTITY = "-";
				COPY_PHASE_STRIP = NO;
				DEBUG_INFORMATION_FORMAT = dwarf;
				ENABLE_STRICT_OBJC_MSGSEND = YES;
				ENABLE_TESTABILITY = YES;
				GCC_C_LANGUAGE_STANDARD = gnu99;
				GCC_DYNAMIC_NO_PIC = NO;
				GCC_NO_COMMON_BLOCKS = YES;
				GCC_OPTIMIZATION_LEVEL = 0;
				GCC_PREPROCESSOR_DEFINITIONS = (
					"DEBUG=1",
					"$(inherited)",
				);
				GCC_WARN_64_TO_32_BIT_CONVERSION = YES;
				GCC_WARN_ABOUT_RETURN_TYPE = YES_ERROR;
				GCC_WARN_UNDECLARED_SELECTOR = YES;
				GCC_WARN_UNINITIALIZED_AUTOS = YES_AGGRESSIVE;
				GCC_WARN_UNUSED_FUNCTION = YES;
				GCC_WARN_UNUSED_VARIABLE = YES;
				MACOSX_DEPLOYMENT_TARGET = 10.12;
				MTL_ENABLE_DEBUG_INFO = YES;
				ONLY_ACTIVE_ARCH = YES;
				SDKROOT = macosx;
				SWIFT_OPTIMIZATION_LEVEL = "-Onone";
			};
			name = Debug;
		};
		FEED83BF1EB4F57B00B10E6A /* Release */ = {
			isa = XCBuildConfiguration;
			buildSettings = {
				ALWAYS_SEARCH_USER_PATHS = NO;
				CLANG_ANALYZER_NONNULL = YES;
				CLANG_CXX_LANGUAGE_STANDARD = "gnu++0x";
				CLANG_CXX_LIBRARY = "libc++";
				CLANG_ENABLE_MODULES = YES;
				CLANG_ENABLE_OBJC_ARC = YES;
				CLANG_WARN_BOOL_CONVERSION = YES;
				CLANG_WARN_CONSTANT_CONVERSION = YES;
				CLANG_WARN_DIRECT_OBJC_ISA_USAGE = YES_ERROR;
				CLANG_WARN_EMPTY_BODY = YES;
				CLANG_WARN_ENUM_CONVERSION = YES;
				CLANG_WARN_INFINITE_RECURSION = YES;
				CLANG_WARN_INT_CONVERSION = YES;
				CLANG_WARN_OBJC_ROOT_CLASS = YES_ERROR;
				CLANG_WARN_SUSPICIOUS_MOVE = YES;
				CLANG_WARN_UNREACHABLE_CODE = YES;
				CLANG_WARN__DUPLICATE_METHOD_MATCH = YES;
				CODE_SIGN_IDENTITY = "-";
				COPY_PHASE_STRIP = NO;
				DEBUG_INFORMATION_FORMAT = "dwarf-with-dsym";
				ENABLE_NS_ASSERTIONS = NO;
				ENABLE_STRICT_OBJC_MSGSEND = YES;
				GCC_C_LANGUAGE_STANDARD = gnu99;
				GCC_NO_COMMON_BLOCKS = YES;
				GCC_WARN_64_TO_32_BIT_CONVERSION = YES;
				GCC_WARN_ABOUT_RETURN_TYPE = YES_ERROR;
				GCC_WARN_UNDECLARED_SELECTOR = YES;
				GCC_WARN_UNINITIALIZED_AUTOS = YES_AGGRESSIVE;
				GCC_WARN_UNUSED_FUNCTION = YES;
				GCC_WARN_UNUSED_VARIABLE = YES;
				MACOSX_DEPLOYMENT_TARGET = 10.12;
				MTL_ENABLE_DEBUG_INFO = NO;
				SDKROOT = macosx;
				SWIFT_OPTIMIZATION_LEVEL = "-Owholemodule";
			};
			name = Release;
		};
		FEED83C11EB4F57B00B10E6A /* Debug */ = {
			isa = XCBuildConfiguration;
			baseConfigurationReference = EA11862E9401E060D855B570 /* Pods-swift-serial.debug.xcconfig */;
			buildSettings = {
				PRODUCT_NAME = "$(TARGET_NAME)";
				SWIFT_OBJC_BRIDGING_HEADER = "swift-serial/SwiftSerial-Bridging-Header.h";
				SWIFT_VERSION = 3.0;
			};
			name = Debug;
		};
		FEED83C21EB4F57B00B10E6A /* Release */ = {
			isa = XCBuildConfiguration;
			baseConfigurationReference = 088492364896CD5AF1FC605C /* Pods-swift-serial.release.xcconfig */;
			buildSettings = {
				PRODUCT_NAME = "$(TARGET_NAME)";
				SWIFT_OBJC_BRIDGING_HEADER = "swift-serial/SwiftSerial-Bridging-Header.h";
				SWIFT_VERSION = 3.0;
			};
			name = Release;
		};
/* End XCBuildConfiguration section */

/* Begin XCConfigurationList section */
		FEED83B41EB4F57B00B10E6A /* Build configuration list for PBXProject "swift-serial" */ = {
			isa = XCConfigurationList;
			buildConfigurations = (
				FEED83BE1EB4F57B00B10E6A /* Debug */,
				FEED83BF1EB4F57B00B10E6A /* Release */,
			);
			defaultConfigurationIsVisible = 0;
			defaultConfigurationName = Release;
		};
		FEED83C01EB4F57B00B10E6A /* Build configuration list for PBXNativeTarget "swift-serial" */ = {
			isa = XCConfigurationList;
			buildConfigurations = (
				FEED83C11EB4F57B00B10E6A /* Debug */,
				FEED83C21EB4F57B00B10E6A /* Release */,
			);
			defaultConfigurationIsVisible = 0;
			defaultConfigurationName = Release;
		};
/* End XCConfigurationList section */
	};
	rootObject = FEED83B11EB4F57B00B10E6A /* Project object */;
}
